
Microsoft Visual Studio Solution File, Format Version 11.00
# Visual Studio 2010
Project("{2857B73E-F847-4B02-9238-064979017E93}") = "temp", "temp\temp.cproj", "{8039A4D5-DBD3-4BD5-9421-3ADD55B24CC0}"
EndProject
Global
	GlobalSection(SolutionConfigurationPlatforms) = preSolution
		Debug|Any CPU = Debug|Any CPU
		Release|Any CPU = Release|Any CPU
	EndGlobalSection
	GlobalSection(ProjectConfigurationPlatforms) = postSolution
		{8039A4D5-DBD3-4BD5-9421-3ADD55B24CC0}.Debug|Any CPU.ActiveCfg = Debug|Any CPU
		{8039A4D5-DBD3-4BD5-9421-3ADD55B24CC0}.Debug|Any CPU.Build.0 = Debug|Any CPU
		{8039A4D5-DBD3-4BD5-9421-3ADD55B24CC0}.Release|Any CPU.ActiveCfg = Release|Any CPU
		{8039A4D5-DBD3-4BD5-9421-3ADD55B24CC0}.Release|Any CPU.Build.0 = Release|Any CPU
	EndGlobalSection
	GlobalSection(MonoDevelopProperties) = preSolution
		StartupItem = temp\temp.cproj
	EndGlobalSection
EndGlobal
